// !$*UTF8*$!
{
	archiveVersion = 1;
	classes = {
	};
	objectVersion = 50;
	objects = {

/* Begin PBXBuildFile section */
		75BFDD88264F7B69001B1617 /* AppDelegate.swift in Sources */ = {isa = PBXBuildFile; fileRef = 75BFDD87264F7B69001B1617 /* AppDelegate.swift */; };
		75BFDD8A264F7B69001B1617 /* SceneDelegate.swift in Sources */ = {isa = PBXBuildFile; fileRef = 75BFDD89264F7B69001B1617 /* SceneDelegate.swift */; };
		75BFDD8C264F7B69001B1617 /* ListViewController.swift in Sources */ = {isa = PBXBuildFile; fileRef = 75BFDD8B264F7B69001B1617 /* ListViewController.swift */; };
		75BFDD8F264F7B69001B1617 /* Main.storyboard in Resources */ = {isa = PBXBuildFile; fileRef = 75BFDD8D264F7B69001B1617 /* Main.storyboard */; };
		75BFDD91264F7B6B001B1617 /* Assets.xcassets in Resources */ = {isa = PBXBuildFile; fileRef = 75BFDD90264F7B6B001B1617 /* Assets.xcassets */; };
		75BFDD94264F7B6B001B1617 /* LaunchScreen.storyboard in Resources */ = {isa = PBXBuildFile; fileRef = 75BFDD92264F7B6B001B1617 /* LaunchScreen.storyboard */; };
		75BFDD9E264F7D8E001B1617 /* DetailViewController.swift in Sources */ = {isa = PBXBuildFile; fileRef = 75BFDD9D264F7D8E001B1617 /* DetailViewController.swift */; };
		75BFDDA1264F95CB001B1617 /* Heroes.swift in Sources */ = {isa = PBXBuildFile; fileRef = 75BFDDA0264F95CA001B1617 /* Heroes.swift */; };
		B43730B5CF366E7896B927D5 /* Pods_Heroes_Assemble.framework in Frameworks */ = {isa = PBXBuildFile; fileRef = B2C69077B4077FFD8893D54F /* Pods_Heroes_Assemble.framework */; };
/* End PBXBuildFile section */

/* Begin PBXFileReference section */
		55871747F27E328B36A95743 /* Pods-Heroes Assemble.debug.xcconfig */ = {isa = PBXFileReference; includeInIndex = 1; lastKnownFileType = text.xcconfig; name = "Pods-Heroes Assemble.debug.xcconfig"; path = "Target Support Files/Pods-Heroes Assemble/Pods-Heroes Assemble.debug.xcconfig"; sourceTree = "<group>"; };
		75BFDD84264F7B69001B1617 /* Heroes Assemble.app */ = {isa = PBXFileReference; explicitFileType = wrapper.application; includeInIndex = 0; path = "Heroes Assemble.app"; sourceTree = BUILT_PRODUCTS_DIR; };
		75BFDD87264F7B69001B1617 /* AppDelegate.swift */ = {isa = PBXFileReference; lastKnownFileType = sourcecode.swift; path = AppDelegate.swift; sourceTree = "<group>"; };
		75BFDD89264F7B69001B1617 /* SceneDelegate.swift */ = {isa = PBXFileReference; lastKnownFileType = sourcecode.swift; path = SceneDelegate.swift; sourceTree = "<group>"; };
		75BFDD8B264F7B69001B1617 /* ListViewController.swift */ = {isa = PBXFileReference; lastKnownFileType = sourcecode.swift; path = ListViewController.swift; sourceTree = "<group>"; };
		75BFDD8E264F7B69001B1617 /* Base */ = {isa = PBXFileReference; lastKnownFileType = file.storyboard; name = Base; path = Base.lproj/Main.storyboard; sourceTree = "<group>"; };
		75BFDD90264F7B6B001B1617 /* Assets.xcassets */ = {isa = PBXFileReference; lastKnownFileType = folder.assetcatalog; path = Assets.xcassets; sourceTree = "<group>"; };
		75BFDD93264F7B6B001B1617 /* Base */ = {isa = PBXFileReference; lastKnownFileType = file.storyboard; name = Base; path = Base.lproj/LaunchScreen.storyboard; sourceTree = "<group>"; };
		75BFDD95264F7B6B001B1617 /* Info.plist */ = {isa = PBXFileReference; lastKnownFileType = text.plist.xml; path = Info.plist; sourceTree = "<group>"; };
		75BFDD9D264F7D8E001B1617 /* DetailViewController.swift */ = {isa = PBXFileReference; lastKnownFileType = sourcecode.swift; path = DetailViewController.swift; sourceTree = "<group>"; };
		75BFDDA0264F95CA001B1617 /* Heroes.swift */ = {isa = PBXFileReference; lastKnownFileType = sourcecode.swift; path = Heroes.swift; sourceTree = "<group>"; };
		8420BB18C3408281BF472A00 /* Pods-Heroes Assemble.release.xcconfig */ = {isa = PBXFileReference; includeInIndex = 1; lastKnownFileType = text.xcconfig; name = "Pods-Heroes Assemble.release.xcconfig"; path = "Target Support Files/Pods-Heroes Assemble/Pods-Heroes Assemble.release.xcconfig"; sourceTree = "<group>"; };
		B2C69077B4077FFD8893D54F /* Pods_Heroes_Assemble.framework */ = {isa = PBXFileReference; explicitFileType = wrapper.framework; includeInIndex = 0; path = Pods_Heroes_Assemble.framework; sourceTree = BUILT_PRODUCTS_DIR; };
/* End PBXFileReference section */

/* Begin PBXFrameworksBuildPhase section */
		75BFDD81264F7B69001B1617 /* Frameworks */ = {
			isa = PBXFrameworksBuildPhase;
			buildActionMask = 2147483647;
			files = (
				B43730B5CF366E7896B927D5 /* Pods_Heroes_Assemble.framework in Frameworks */,
			);
			runOnlyForDeploymentPostprocessing = 0;
		};
/* End PBXFrameworksBuildPhase section */

/* Begin PBXGroup section */
		75BFDD7B264F7B69001B1617 = {
			isa = PBXGroup;
			children = (
				75BFDD86264F7B69001B1617 /* Heroes Assemble */,
				75BFDD85264F7B69001B1617 /* Products */,
				8C19A95C291F711A1B457FA1 /* Pods */,
				DD75E1110B91AD44403FCBF2 /* Frameworks */,
			);
			sourceTree = "<group>";
		};
		75BFDD85264F7B69001B1617 /* Products */ = {
			isa = PBXGroup;
			children = (
				75BFDD84264F7B69001B1617 /* Heroes Assemble.app */,
			);
			name = Products;
			sourceTree = "<group>";
		};
		75BFDD86264F7B69001B1617 /* Heroes Assemble */ = {
			isa = PBXGroup;
			children = (
				75BFDD87264F7B69001B1617 /* AppDelegate.swift */,
				75BFDD89264F7B69001B1617 /* SceneDelegate.swift */,
				75BFDDA0264F95CA001B1617 /* Heroes.swift */,
				75BFDD8B264F7B69001B1617 /* ListViewController.swift */,
				75BFDD9D264F7D8E001B1617 /* DetailViewController.swift */,
				75BFDD8D264F7B69001B1617 /* Main.storyboard */,
				75BFDD90264F7B6B001B1617 /* Assets.xcassets */,
				75BFDD92264F7B6B001B1617 /* LaunchScreen.storyboard */,
				75BFDD95264F7B6B001B1617 /* Info.plist */,
			);
			path = "Heroes Assemble";
			sourceTree = "<group>";
		};
		8C19A95C291F711A1B457FA1 /* Pods */ = {
			isa = PBXGroup;
			children = (
				55871747F27E328B36A95743 /* Pods-Heroes Assemble.debug.xcconfig */,
				8420BB18C3408281BF472A00 /* Pods-Heroes Assemble.release.xcconfig */,
			);
			name = Pods;
			path = Pods;
			sourceTree = "<group>";
		};
		DD75E1110B91AD44403FCBF2 /* Frameworks */ = {
			isa = PBXGroup;
			children = (
				B2C69077B4077FFD8893D54F /* Pods_Heroes_Assemble.framework */,
			);
			name = Frameworks;
			sourceTree = "<group>";
		};
/* End PBXGroup section */

/* Begin PBXNativeTarget section */
		75BFDD83264F7B69001B1617 /* Heroes Assemble */ = {
			isa = PBXNativeTarget;
			buildConfigurationList = 75BFDD98264F7B6B001B1617 /* Build configuration list for PBXNativeTarget "Heroes Assemble" */;
			buildPhases = (
				01309F5580DFD19335F059AE /* [CP] Check Pods Manifest.lock */,
				75BFDD80264F7B69001B1617 /* Sources */,
				75BFDD81264F7B69001B1617 /* Frameworks */,
				75BFDD82264F7B69001B1617 /* Resources */,
				62CDBC33BF00B5CD4D02813C /* [CP] Embed Pods Frameworks */,
			);
			buildRules = (
			);
			dependencies = (
			);
			name = "Heroes Assemble";
			productName = "Heroes Assemble";
			productReference = 75BFDD84264F7B69001B1617 /* Heroes Assemble.app */;
			productType = "com.apple.product-type.application";
		};
/* End PBXNativeTarget section */

/* Begin PBXProject section */
		75BFDD7C264F7B69001B1617 /* Project object */ = {
			isa = PBXProject;
			attributes = {
				LastSwiftUpdateCheck = 1240;
				LastUpgradeCheck = 1240;
				TargetAttributes = {
					75BFDD83264F7B69001B1617 = {
						CreatedOnToolsVersion = 12.4;
					};
				};
			};
			buildConfigurationList = 75BFDD7F264F7B69001B1617 /* Build configuration list for PBXProject "Heroes Assemble" */;
			compatibilityVersion = "Xcode 9.3";
			developmentRegion = en;
			hasScannedForEncodings = 0;
			knownRegions = (
				en,
				Base,
			);
			mainGroup = 75BFDD7B264F7B69001B1617;
			productRefGroup = 75BFDD85264F7B69001B1617 /* Products */;
			projectDirPath = "";
			projectRoot = "";
			targets = (
				75BFDD83264F7B69001B1617 /* Heroes Assemble */,
			);
		};
/* End PBXProject section */

/* Begin PBXResourcesBuildPhase section */
		75BFDD82264F7B69001B1617 /* Resources */ = {
			isa = PBXResourcesBuildPhase;
			buildActionMask = 2147483647;
			files = (
				75BFDD94264F7B6B001B1617 /* LaunchScreen.storyboard in Resources */,
				75BFDD91264F7B6B001B1617 /* Assets.xcassets in Resources */,
				75BFDD8F264F7B69001B1617 /* Main.storyboard in Resources */,
			);
			runOnlyForDeploymentPostprocessing = 0;
		};
/* End PBXResourcesBuildPhase section */

/* Begin PBXShellScriptBuildPhase section */
		01309F5580DFD19335F059AE /* [CP] Check Pods Manifest.lock */ = {
			isa = PBXShellScriptBuildPhase;
			buildActionMask = 2147483647;
			files = (
			);
			inputFileListPaths = (
			);
			inputPaths = (
				"${PODS_PODFILE_DIR_PATH}/Podfile.lock",
				"${PODS_ROOT}/Manifest.lock",
			);
			name = "[CP] Check Pods Manifest.lock";
			outputFileListPaths = (
			);
			outputPaths = (
				"$(DERIVED_FILE_DIR)/Pods-Heroes Assemble-checkManifestLockResult.txt",
			);
			runOnlyForDeploymentPostprocessing = 0;
			shellPath = /bin/sh;
			shellScript = "diff \"${PODS_PODFILE_DIR_PATH}/Podfile.lock\" \"${PODS_ROOT}/Manifest.lock\" > /dev/null\nif [ $? != 0 ] ; then\n    # print error to STDERR\n    echo \"error: The sandbox is not in sync with the Podfile.lock. Run 'pod install' or update your CocoaPods installation.\" >&2\n    exit 1\nfi\n# This output is used by Xcode 'outputs' to avoid re-running this script phase.\necho \"SUCCESS\" > \"${SCRIPT_OUTPUT_FILE_0}\"\n";
			showEnvVarsInLog = 0;
		};
		62CDBC33BF00B5CD4D02813C /* [CP] Embed Pods Frameworks */ = {
			isa = PBXShellScriptBuildPhase;
			buildActionMask = 2147483647;
			files = (
			);
			inputFileListPaths = (
				"${PODS_ROOT}/Target Support Files/Pods-Heroes Assemble/Pods-Heroes Assemble-frameworks-${CONFIGURATION}-input-files.xcfilelist",
			);
			name = "[CP] Embed Pods Frameworks";
			outputFileListPaths = (
				"${PODS_ROOT}/Target Support Files/Pods-Heroes Assemble/Pods-Heroes Assemble-frameworks-${CONFIGURATION}-output-files.xcfilelist",
			);
			runOnlyForDeploymentPostprocessing = 0;
			shellPath = /bin/sh;
			shellScript = "\"${PODS_ROOT}/Target Support Files/Pods-Heroes Assemble/Pods-Heroes Assemble-frameworks.sh\"\n";
			showEnvVarsInLog = 0;
		};
/* End PBXShellScriptBuildPhase section */

/* Begin PBXSourcesBuildPhase section */
		75BFDD80264F7B69001B1617 /* Sources */ = {
			isa = PBXSourcesBuildPhase;
			buildActionMask = 2147483647;
			files = (
				75BFDD8C264F7B69001B1617 /* ListViewController.swift in Sources */,
				75BFDD88264F7B69001B1617 /* AppDelegate.swift in Sources */,
				75BFDD8A264F7B69001B1617 /* SceneDelegate.swift in Sources */,
				75BFDDA1264F95CB001B1617 /* Heroes.swift in Sources */,
				75BFDD9E264F7D8E001B1617 /* DetailViewController.swift in Sources */,
			);
			runOnlyForDeploymentPostprocessing = 0;
		};
/* End PBXSourcesBuildPhase section */

/* Begin PBXVariantGroup section */
		75BFDD8D264F7B69001B1617 /* Main.storyboard */ = {
			isa = PBXVariantGroup;
			children = (
				75BFDD8E264F7B69001B1617 /* Base */,
			);
			name = Main.storyboard;
			sourceTree = "<group>";
		};
		75BFDD92264F7B6B001B1617 /* LaunchScreen.storyboard */ = {
			isa = PBXVariantGroup;
			children = (
				75BFDD93264F7B6B001B1617 /* Base */,
			);
			name = LaunchScreen.storyboard;
			sourceTree = "<group>";
		};
/* End PBXVariantGroup section */

/* Begin XCBuildConfiguration section */
		75BFDD96264F7B6B001B1617 /* Debug */ = {
			isa = XCBuildConfiguration;
			buildSettings = {
				ALWAYS_SEARCH_USER_PATHS = NO;
				CLANG_ANALYZER_NONNULL = YES;
				CLANG_ANALYZER_NUMBER_OBJECT_CONVERSION = YES_AGGRESSIVE;
				CLANG_CXX_LANGUAGE_STANDARD = "gnu++14";
				CLANG_CXX_LIBRARY = "libc++";
				CLANG_ENABLE_MODULES = YES;
				CLANG_ENABLE_OBJC_ARC = YES;
				CLANG_ENABLE_OBJC_WEAK = YES;
				CLANG_WARN_BLOCK_CAPTURE_AUTORELEASING = YES;
				CLANG_WARN_BOOL_CONVERSION = YES;
				CLANG_WARN_COMMA = YES;
				CLANG_WARN_CONSTANT_CONVERSION = YES;
				CLANG_WARN_DEPRECATED_OBJC_IMPLEMENTATIONS = YES;
				CLANG_WARN_DIRECT_OBJC_ISA_USAGE = YES_ERROR;
				CLANG_WARN_DOCUMENTATION_COMMENTS = YES;
				CLANG_WARN_EMPTY_BODY = YES;
				CLANG_WARN_ENUM_CONVERSION = YES;
				CLANG_WARN_INFINITE_RECURSION = YES;
				CLANG_WARN_INT_CONVERSION = YES;
				CLANG_WARN_NON_LITERAL_NULL_CONVERSION = YES;
				CLANG_WARN_OBJC_IMPLICIT_RETAIN_SELF = YES;
				CLANG_WARN_OBJC_LITERAL_CONVERSION = YES;
				CLANG_WARN_OBJC_ROOT_CLASS = YES_ERROR;
				CLANG_WARN_QUOTED_INCLUDE_IN_FRAMEWORK_HEADER = YES;
				CLANG_WARN_RANGE_LOOP_ANALYSIS = YES;
				CLANG_WARN_STRICT_PROTOTYPES = YES;
				CLANG_WARN_SUSPICIOUS_MOVE = YES;
				CLANG_WARN_UNGUARDED_AVAILABILITY = YES_AGGRESSIVE;
				CLANG_WARN_UNREACHABLE_CODE = YES;
				CLANG_WARN__DUPLICATE_METHOD_MATCH = YES;
				COPY_PHASE_STRIP = NO;
				DEBUG_INFORMATION_FORMAT = dwarf;
				ENABLE_STRICT_OBJC_MSGSEND = YES;
				ENABLE_TESTABILITY = YES;
				GCC_C_LANGUAGE_STANDARD = gnu11;
				GCC_DYNAMIC_NO_PIC = NO;
				GCC_NO_COMMON_BLOCKS = YES;
				GCC_OPTIMIZATION_LEVEL = 0;
				GCC_PREPROCESSOR_DEFINITIONS = (
					"DEBUG=1",
					"$(inherited)",
				);
				GCC_WARN_64_TO_32_BIT_CONVERSION = YES;
				GCC_WARN_ABOUT_RETURN_TYPE = YES_ERROR;
				GCC_WARN_UNDECLARED_SELECTOR = YES;
				GCC_WARN_UNINITIALIZED_AUTOS = YES_AGGRESSIVE;
				GCC_WARN_UNUSED_FUNCTION = YES;
				GCC_WARN_UNUSED_VARIABLE = YES;
				IPHONEOS_DEPLOYMENT_TARGET = 14.4;
				MTL_ENABLE_DEBUG_INFO = INCLUDE_SOURCE;
				MTL_FAST_MATH = YES;
				ONLY_ACTIVE_ARCH = YES;
				SDKROOT = iphoneos;
				SWIFT_ACTIVE_COMPILATION_CONDITIONS = DEBUG;
				SWIFT_OPTIMIZATION_LEVEL = "-Onone";
			};
			name = Debug;
		};
		75BFDD97264F7B6B001B1617 /* Release */ = {
			isa = XCBuildConfiguration;
			buildSettings = {
				ALWAYS_SEARCH_USER_PATHS = NO;
				CLANG_ANALYZER_NONNULL = YES;
				CLANG_ANALYZER_NUMBER_OBJECT_CONVERSION = YES_AGGRESSIVE;
				CLANG_CXX_LANGUAGE_STANDARD = "gnu++14";
				CLANG_CXX_LIBRARY = "libc++";
				CLANG_ENABLE_MODULES = YES;
				CLANG_ENABLE_OBJC_ARC = YES;
				CLANG_ENABLE_OBJC_WEAK = YES;
				CLANG_WARN_BLOCK_CAPTURE_AUTORELEASING = YES;
				CLANG_WARN_BOOL_CONVERSION = YES;
				CLANG_WARN_COMMA = YES;
				CLANG_WARN_CONSTANT_CONVERSION = YES;
				CLANG_WARN_DEPRECATED_OBJC_IMPLEMENTATIONS = YES;
				CLANG_WARN_DIRECT_OBJC_ISA_USAGE = YES_ERROR;
				CLANG_WARN_DOCUMENTATION_COMMENTS = YES;
				CLANG_WARN_EMPTY_BODY = YES;
				CLANG_WARN_ENUM_CONVERSION = YES;
				CLANG_WARN_INFINITE_RECURSION = YES;
				CLANG_WARN_INT_CONVERSION = YES;
				CLANG_WARN_NON_LITERAL_NULL_CONVERSION = YES;
				CLANG_WARN_OBJC_IMPLICIT_RETAIN_SELF = YES;
				CLANG_WARN_OBJC_LITERAL_CONVERSION = YES;
				CLANG_WARN_OBJC_ROOT_CLASS = YES_ERROR;
				CLANG_WARN_QUOTED_INCLUDE_IN_FRAMEWORK_HEADER = YES;
				CLANG_WARN_RANGE_LOOP_ANALYSIS = YES;
				CLANG_WARN_STRICT_PROTOTYPES = YES;
				CLANG_WARN_SUSPICIOUS_MOVE = YES;
				CLANG_WARN_UNGUARDED_AVAILABILITY = YES_AGGRESSIVE;
				CLANG_WARN_UNREACHABLE_CODE = YES;
				CLANG_WARN__DUPLICATE_METHOD_MATCH = YES;
				COPY_PHASE_STRIP = NO;
				DEBUG_INFORMATION_FORMAT = "dwarf-with-dsym";
				ENABLE_NS_ASSERTIONS = NO;
				ENABLE_STRICT_OBJC_MSGSEND = YES;
				GCC_C_LANGUAGE_STANDARD = gnu11;
				GCC_NO_COMMON_BLOCKS = YES;
				GCC_WARN_64_TO_32_BIT_CONVERSION = YES;
				GCC_WARN_ABOUT_RETURN_TYPE = YES_ERROR;
				GCC_WARN_UNDECLARED_SELECTOR = YES;
				GCC_WARN_UNINITIALIZED_AUTOS = YES_AGGRESSIVE;
				GCC_WARN_UNUSED_FUNCTION = YES;
				GCC_WARN_UNUSED_VARIABLE = YES;
				IPHONEOS_DEPLOYMENT_TARGET = 14.4;
				MTL_ENABLE_DEBUG_INFO = NO;
				MTL_FAST_MATH = YES;
				SDKROOT = iphoneos;
				SWIFT_COMPILATION_MODE = wholemodule;
				SWIFT_OPTIMIZATION_LEVEL = "-O";
				VALIDATE_PRODUCT = YES;
			};
			name = Release;
		};
		75BFDD99264F7B6B001B1617 /* Debug */ = {
			isa = XCBuildConfiguration;
			baseConfigurationReference = 55871747F27E328B36A95743 /* Pods-Heroes Assemble.debug.xcconfig */;
			buildSettings = {
				ASSETCATALOG_COMPILER_APPICON_NAME = AppIcon;
				ASSETCATALOG_COMPILER_GLOBAL_ACCENT_COLOR_NAME = AccentColor;
				CODE_SIGN_STYLE = Automatic;
				DEVELOPMENT_TEAM = 9AJN84H4RU;
				INFOPLIST_FILE = "Heroes Assemble/Info.plist";
				LD_RUNPATH_SEARCH_PATHS = (
					"$(inherited)",
					"@executable_path/Frameworks",
				);
				PRODUCT_BUNDLE_IDENTIFIER = "com.obe.Heroes-Assemble";
				PRODUCT_NAME = "$(TARGET_NAME)";
				SWIFT_VERSION = 5.0;
				TARGETED_DEVICE_FAMILY = "1,2";
			};
			name = Debug;
		};
		75BFDD9A264F7B6B001B1617 /* Release */ = {
			isa = XCBuildConfiguration;
			baseConfigurationReference = 8420BB18C3408281BF472A00 /* Pods-Heroes Assemble.release.xcconfig */;
			buildSettings = {
				ASSETCATALOG_COMPILER_APPICON_NAME = AppIcon;
				ASSETCATALOG_COMPILER_GLOBAL_ACCENT_COLOR_NAME = AccentColor;
				CODE_SIGN_STYLE = Automatic;
				DEVELOPMENT_TEAM = 9AJN84H4RU;
				INFOPLIST_FILE = "Heroes Assemble/Info.plist";
				LD_RUNPATH_SEARCH_PATHS = (
					"$(inherited)",
					"@executable_path/Frameworks",
				);
				PRODUCT_BUNDLE_IDENTIFIER = "com.obe.Heroes-Assemble";
				PRODUCT_NAME = "$(TARGET_NAME)";
				SWIFT_VERSION = 5.0;
				TARGETED_DEVICE_FAMILY = "1,2";
			};
			name = Release;
		};
/* End XCBuildConfiguration section */

/* Begin XCConfigurationList section */
		75BFDD7F264F7B69001B1617 /* Build configuration list for PBXProject "Heroes Assemble" */ = {
			isa = XCConfigurationList;
			buildConfigurations = (
				75BFDD96264F7B6B001B1617 /* Debug */,
				75BFDD97264F7B6B001B1617 /* Release */,
			);
			defaultConfigurationIsVisible = 0;
			defaultConfigurationName = Release;
		};
		75BFDD98264F7B6B001B1617 /* Build configuration list for PBXNativeTarget "Heroes Assemble" */ = {
			isa = XCConfigurationList;
			buildConfigurations = (
				75BFDD99264F7B6B001B1617 /* Debug */,
				75BFDD9A264F7B6B001B1617 /* Release */,
			);
			defaultConfigurationIsVisible = 0;
			defaultConfigurationName = Release;
		};
/* End XCConfigurationList section */
	};
	rootObject = 75BFDD7C264F7B69001B1617 /* Project object */;
}
